
Microsoft Visual Studio Solution File, Format Version 10.00
# Visual Studio 2008
Project("{8BC9CEB8-8B4A-11D0-8D11-00A0C91BC942}") = "ServerNetTest", "..\ServerNetTest\ServerNetTest.vcproj", "{2CE57A18-88BC-44A7-9EC5-91FA743A01D7}"
EndProject
Project("{8BC9CEB8-8B4A-11D0-8D11-00A0C91BC942}") = "MGThread", "..\..\Utility\MGThread\MGThread.vcproj", "{A494174E-62FD-42E2-9C83-26D7DD17487C}"
EndProject
Project("{8BC9CEB8-8B4A-11D0-8D11-00A0C91BC942}") = "MGNet", "..\..\Utility\MGNet\MGNet.vcproj", "{F3F98B59-C0EF-4E25-992E-F6951E9257D1}"
EndProject
Project("{8BC9CEB8-8B4A-11D0-8D11-00A0C91BC942}") = "GameNetPacket", "..\..\Logic\Data\GameNetPacket\GameNetPacket.vcproj", "{8D8EEF5A-0344-4317-AB6D-AE7806E071B7}"
EndProject
Global
	GlobalSection(SolutionConfigurationPlatforms) = preSolution
		Debug|Win32 = Debug|Win32
		Release_cn|Win32 = Release_cn|Win32
		Release|Win32 = Release|Win32
	EndGlobalSection
	GlobalSection(ProjectConfigurationPlatforms) = postSolution
		{2CE57A18-88BC-44A7-9EC5-91FA743A01D7}.Debug|Win32.ActiveCfg = Debug|Win32
		{2CE57A18-88BC-44A7-9EC5-91FA743A01D7}.Debug|Win32.Build.0 = Debug|Win32
		{2CE57A18-88BC-44A7-9EC5-91FA743A01D7}.Release_cn|Win32.ActiveCfg = Release|Win32
		{2CE57A18-88BC-44A7-9EC5-91FA743A01D7}.Release_cn|Win32.Build.0 = Release|Win32
		{2CE57A18-88BC-44A7-9EC5-91FA743A01D7}.Release|Win32.ActiveCfg = Release|Win32
		{2CE57A18-88BC-44A7-9EC5-91FA743A01D7}.Release|Win32.Build.0 = Release|Win32
		{A494174E-62FD-42E2-9C83-26D7DD17487C}.Debug|Win32.ActiveCfg = Debug|Win32
		{A494174E-62FD-42E2-9C83-26D7DD17487C}.Debug|Win32.Build.0 = Debug|Win32
		{A494174E-62FD-42E2-9C83-26D7DD17487C}.Release_cn|Win32.ActiveCfg = Release|Win32
		{A494174E-62FD-42E2-9C83-26D7DD17487C}.Release_cn|Win32.Build.0 = Release|Win32
		{A494174E-62FD-42E2-9C83-26D7DD17487C}.Release|Win32.ActiveCfg = Release|Win32
		{A494174E-62FD-42E2-9C83-26D7DD17487C}.Release|Win32.Build.0 = Release|Win32
		{F3F98B59-C0EF-4E25-992E-F6951E9257D1}.Debug|Win32.ActiveCfg = Debug|Win32
		{F3F98B59-C0EF-4E25-992E-F6951E9257D1}.Debug|Win32.Build.0 = Debug|Win32
		{F3F98B59-C0EF-4E25-992E-F6951E9257D1}.Release_cn|Win32.ActiveCfg = Release|Win32
		{F3F98B59-C0EF-4E25-992E-F6951E9257D1}.Release_cn|Win32.Build.0 = Release|Win32
		{F3F98B59-C0EF-4E25-992E-F6951E9257D1}.Release|Win32.ActiveCfg = Release|Win32
		{F3F98B59-C0EF-4E25-992E-F6951E9257D1}.Release|Win32.Build.0 = Release|Win32
		{8D8EEF5A-0344-4317-AB6D-AE7806E071B7}.Debug|Win32.ActiveCfg = Debug|Win32
		{8D8EEF5A-0344-4317-AB6D-AE7806E071B7}.Debug|Win32.Build.0 = Debug|Win32
		{8D8EEF5A-0344-4317-AB6D-AE7806E071B7}.Release_cn|Win32.ActiveCfg = Release_cn|Win32
		{8D8EEF5A-0344-4317-AB6D-AE7806E071B7}.Release_cn|Win32.Build.0 = Release_cn|Win32
		{8D8EEF5A-0344-4317-AB6D-AE7806E071B7}.Release|Win32.ActiveCfg = Release|Win32
		{8D8EEF5A-0344-4317-AB6D-AE7806E071B7}.Release|Win32.Build.0 = Release|Win32
	EndGlobalSection
	GlobalSection(SolutionProperties) = preSolution
		HideSolutionNode = FALSE
	EndGlobalSection
EndGlobal
